
Microsoft Visual Studio Solution File, Format Version 12.00
# Visual Studio 15
VisualStudioVersion = 15.0.27130.2020
MinimumVisualStudioVersion = 10.0.40219.1
Project("{FAE04EC0-301F-11D3-BF4B-00C04F79EFBC}") = "OptixBot", "OptixBot\OptixBot.csproj", "{8A88AF4D-9144-4168-9F3C-2F38D2A11D8C}"
EndProject
Global
	GlobalSection(SolutionConfigurationPlatforms) = preSolution
		Debug|Any CPU = Debug|Any CPU
		Release|Any CPU = Release|Any CPU
	EndGlobalSection
	GlobalSection(ProjectConfigurationPlatforms) = postSolution
		{8A88AF4D-9144-4168-9F3C-2F38D2A11D8C}.Debug|Any CPU.ActiveCfg = Debug|Any CPU
		{8A88AF4D-9144-4168-9F3C-2F38D2A11D8C}.Debug|Any CPU.Build.0 = Debug|Any CPU
		{8A88AF4D-9144-4168-9F3C-2F38D2A11D8C}.Release|Any CPU.ActiveCfg = Release|Any CPU
		{8A88AF4D-9144-4168-9F3C-2F38D2A11D8C}.Release|Any CPU.Build.0 = Release|Any CPU
	EndGlobalSection
	GlobalSection(SolutionProperties) = preSolution
		HideSolutionNode = FALSE
	EndGlobalSection
	GlobalSection(ExtensibilityGlobals) = postSolution
		SolutionGuid = {F11A0B07-9F79-4ADE-AA91-7B73FFE53C00}
	EndGlobalSection
EndGlobal
